
Microsoft Visual Studio Solution File, Format Version 12.00
# Visual Studio 15
VisualStudioVersion = 15.0.28307.960
MinimumVisualStudioVersion = 10.0.40219.1
Project("{159641D6-6404-4A2A-AE62-294DE0FE8301}") = "DW_Project_Stage", "DW_Project_Stage\DW_Project_Stage.dtproj", "{5E54BFF9-4F34-48A9-86A1-EFE7D603CB61}"
EndProject
Global
	GlobalSection(SolutionConfigurationPlatforms) = preSolution
		Development|Default = Development|Default
	EndGlobalSection
	GlobalSection(ProjectConfigurationPlatforms) = postSolution
		{5E54BFF9-4F34-48A9-86A1-EFE7D603CB61}.Development|Default.ActiveCfg = Development
		{5E54BFF9-4F34-48A9-86A1-EFE7D603CB61}.Development|Default.Build.0 = Development
	EndGlobalSection
	GlobalSection(SolutionProperties) = preSolution
		HideSolutionNode = FALSE
	EndGlobalSection
	GlobalSection(ExtensibilityGlobals) = postSolution
		SolutionGuid = {79F68723-FF28-42C1-BB21-B5F9CBDE094C}
	EndGlobalSection
EndGlobal
